// !$*UTF8*$!
{
	archiveVersion = 1;
	classes = {
	};
	objectVersion = 56;
	objects = {

/* Begin PBXBuildFile section */
		012070432B2EF1F3001E738C /* LocalFeedLoader.swift in Sources */ = {isa = PBXBuildFile; fileRef = 012070422B2EF1F3001E738C /* LocalFeedLoader.swift */; };
		012070452B2EF2FE001E738C /* FeedStore.swift in Sources */ = {isa = PBXBuildFile; fileRef = 012070442B2EF2FE001E738C /* FeedStore.swift */; };
		012070472B2F3A67001E738C /* RemoteFeedItem.swift in Sources */ = {isa = PBXBuildFile; fileRef = 012070462B2F3A67001E738C /* RemoteFeedItem.swift */; };
		012070492B2F3AB2001E738C /* LocalFeedImage.swift in Sources */ = {isa = PBXBuildFile; fileRef = 012070482B2F3AB2001E738C /* LocalFeedImage.swift */; };
		0120F14C2B2874D80038384E /* EssentialFeed.framework in Frameworks */ = {isa = PBXBuildFile; fileRef = 0120F1432B2874D80038384E /* EssentialFeed.framework */; };
		0120F1512B2874D80038384E /* LoadFeedFromRemoteUseCaseTests.swift in Sources */ = {isa = PBXBuildFile; fileRef = 0120F1502B2874D80038384E /* LoadFeedFromRemoteUseCaseTests.swift */; };
		0120F1522B2874D80038384E /* EssentialFeed.h in Headers */ = {isa = PBXBuildFile; fileRef = 0120F1462B2874D80038384E /* EssentialFeed.h */; settings = {ATTRIBUTES = (Public, ); }; };
		0121EAB32B29EE2D00FA6F2B /* XCTTestCase+MemoryLeakTrackingHelper.swift in Sources */ = {isa = PBXBuildFile; fileRef = 0121EAB22B29EE2D00FA6F2B /* XCTTestCase+MemoryLeakTrackingHelper.swift */; };
		0128A6442B29B127006159BD /* URLSessionHTTPClientTests.swift in Sources */ = {isa = PBXBuildFile; fileRef = 0128A6432B29B127006159BD /* URLSessionHTTPClientTests.swift */; };
		012D9D4C2B2F545E00C9D2D2 /* LoadFeedFromCacheUseCaseTests.swift in Sources */ = {isa = PBXBuildFile; fileRef = 012D9D4B2B2F545E00C9D2D2 /* LoadFeedFromCacheUseCaseTests.swift */; };
		013559CC2B287D8000CF27EA /* FeedImage.swift in Sources */ = {isa = PBXBuildFile; fileRef = 013559CB2B287D8000CF27EA /* FeedImage.swift */; };
		013559CE2B287E3E00CF27EA /* FeedLoader.swift in Sources */ = {isa = PBXBuildFile; fileRef = 013559CD2B287E3E00CF27EA /* FeedLoader.swift */; };
		014786C72B2892BD00983C01 /* RemoteFeedLoader.swift in Sources */ = {isa = PBXBuildFile; fileRef = 014786C62B2892BD00983C01 /* RemoteFeedLoader.swift */; };
		0153D4062B2A06D100FB2506 /* URLSessionHTTPClient.swift in Sources */ = {isa = PBXBuildFile; fileRef = 0153D4052B2A06D100FB2506 /* URLSessionHTTPClient.swift */; };
		016092E42B2DCAF200101243 /* CacheFeedUseCaseTests.swift in Sources */ = {isa = PBXBuildFile; fileRef = 016092E32B2DCAF200101243 /* CacheFeedUseCaseTests.swift */; };
		01A456D82B29977A00933DC3 /* HTTPClient.swift in Sources */ = {isa = PBXBuildFile; fileRef = 01A456D72B29977A00933DC3 /* HTTPClient.swift */; };
		01A456DA2B2997F100933DC3 /* RemoteFeedItemsMapper.swift in Sources */ = {isa = PBXBuildFile; fileRef = 01A456D92B2997F100933DC3 /* RemoteFeedItemsMapper.swift */; };
		01A65F7A2B2A239500BADEA2 /* EssentialFeedAPIEndToEndTests.swift in Sources */ = {isa = PBXBuildFile; fileRef = 01A65F792B2A239500BADEA2 /* EssentialFeedAPIEndToEndTests.swift */; };
		01A65F7B2B2A239500BADEA2 /* EssentialFeed.framework in Frameworks */ = {isa = PBXBuildFile; fileRef = 0120F1432B2874D80038384E /* EssentialFeed.framework */; };
		01A65F812B2A3E5100BADEA2 /* XCTTestCase+MemoryLeakTrackingHelper.swift in Sources */ = {isa = PBXBuildFile; fileRef = 0121EAB22B29EE2D00FA6F2B /* XCTTestCase+MemoryLeakTrackingHelper.swift */; };
/* End PBXBuildFile section */

/* Begin PBXContainerItemProxy section */
		0120F14D2B2874D80038384E /* PBXContainerItemProxy */ = {
			isa = PBXContainerItemProxy;
			containerPortal = 0120F13A2B2874D80038384E /* Project object */;
			proxyType = 1;
			remoteGlobalIDString = 0120F1422B2874D80038384E;
			remoteInfo = EssentialFeed;
		};
		01A65F7C2B2A239500BADEA2 /* PBXContainerItemProxy */ = {
			isa = PBXContainerItemProxy;
			containerPortal = 0120F13A2B2874D80038384E /* Project object */;
			proxyType = 1;
			remoteGlobalIDString = 0120F1422B2874D80038384E;
			remoteInfo = EssentialFeed;
		};
/* End PBXContainerItemProxy section */

/* Begin PBXFileReference section */
		012070422B2EF1F3001E738C /* LocalFeedLoader.swift */ = {isa = PBXFileReference; lastKnownFileType = sourcecode.swift; path = LocalFeedLoader.swift; sourceTree = "<group>"; };
		012070442B2EF2FE001E738C /* FeedStore.swift */ = {isa = PBXFileReference; lastKnownFileType = sourcecode.swift; path = FeedStore.swift; sourceTree = "<group>"; };
		012070462B2F3A67001E738C /* RemoteFeedItem.swift */ = {isa = PBXFileReference; lastKnownFileType = sourcecode.swift; path = RemoteFeedItem.swift; sourceTree = "<group>"; };
		012070482B2F3AB2001E738C /* LocalFeedImage.swift */ = {isa = PBXFileReference; lastKnownFileType = sourcecode.swift; path = LocalFeedImage.swift; sourceTree = "<group>"; };
		0120F1432B2874D80038384E /* EssentialFeed.framework */ = {isa = PBXFileReference; explicitFileType = wrapper.framework; includeInIndex = 0; path = EssentialFeed.framework; sourceTree = BUILT_PRODUCTS_DIR; };
		0120F1462B2874D80038384E /* EssentialFeed.h */ = {isa = PBXFileReference; lastKnownFileType = sourcecode.c.h; path = EssentialFeed.h; sourceTree = "<group>"; };
		0120F14B2B2874D80038384E /* EssentialFeedTests.xctest */ = {isa = PBXFileReference; explicitFileType = wrapper.cfbundle; includeInIndex = 0; path = EssentialFeedTests.xctest; sourceTree = BUILT_PRODUCTS_DIR; };
		0120F1502B2874D80038384E /* LoadFeedFromRemoteUseCaseTests.swift */ = {isa = PBXFileReference; lastKnownFileType = sourcecode.swift; path = LoadFeedFromRemoteUseCaseTests.swift; sourceTree = "<group>"; };
		0121EAB22B29EE2D00FA6F2B /* XCTTestCase+MemoryLeakTrackingHelper.swift */ = {isa = PBXFileReference; lastKnownFileType = sourcecode.swift; path = "XCTTestCase+MemoryLeakTrackingHelper.swift"; sourceTree = "<group>"; };
		0128A6432B29B127006159BD /* URLSessionHTTPClientTests.swift */ = {isa = PBXFileReference; lastKnownFileType = sourcecode.swift; path = URLSessionHTTPClientTests.swift; sourceTree = "<group>"; };
		012D9D4B2B2F545E00C9D2D2 /* LoadFeedFromCacheUseCaseTests.swift */ = {isa = PBXFileReference; lastKnownFileType = sourcecode.swift; path = LoadFeedFromCacheUseCaseTests.swift; sourceTree = "<group>"; };
		013559CB2B287D8000CF27EA /* FeedImage.swift */ = {isa = PBXFileReference; lastKnownFileType = sourcecode.swift; path = FeedImage.swift; sourceTree = "<group>"; };
		013559CD2B287E3E00CF27EA /* FeedLoader.swift */ = {isa = PBXFileReference; lastKnownFileType = sourcecode.swift; path = FeedLoader.swift; sourceTree = "<group>"; };
		014786C62B2892BD00983C01 /* RemoteFeedLoader.swift */ = {isa = PBXFileReference; lastKnownFileType = sourcecode.swift; path = RemoteFeedLoader.swift; sourceTree = "<group>"; };
		0153D4052B2A06D100FB2506 /* URLSessionHTTPClient.swift */ = {isa = PBXFileReference; lastKnownFileType = sourcecode.swift; path = URLSessionHTTPClient.swift; sourceTree = "<group>"; };
		015C0ACB2B2A1F6E0022A428 /* EssentialFeed.xctestplan */ = {isa = PBXFileReference; lastKnownFileType = text; path = EssentialFeed.xctestplan; sourceTree = "<group>"; };
		016092E32B2DCAF200101243 /* CacheFeedUseCaseTests.swift */ = {isa = PBXFileReference; lastKnownFileType = sourcecode.swift; path = CacheFeedUseCaseTests.swift; sourceTree = "<group>"; };
		01A456D72B29977A00933DC3 /* HTTPClient.swift */ = {isa = PBXFileReference; lastKnownFileType = sourcecode.swift; path = HTTPClient.swift; sourceTree = "<group>"; };
		01A456D92B2997F100933DC3 /* RemoteFeedItemsMapper.swift */ = {isa = PBXFileReference; lastKnownFileType = sourcecode.swift; path = RemoteFeedItemsMapper.swift; sourceTree = "<group>"; };
		01A65F772B2A239500BADEA2 /* EssentialFeedAPIEndToEndTests.xctest */ = {isa = PBXFileReference; explicitFileType = wrapper.cfbundle; includeInIndex = 0; path = EssentialFeedAPIEndToEndTests.xctest; sourceTree = BUILT_PRODUCTS_DIR; };
		01A65F792B2A239500BADEA2 /* EssentialFeedAPIEndToEndTests.swift */ = {isa = PBXFileReference; lastKnownFileType = sourcecode.swift; path = EssentialFeedAPIEndToEndTests.swift; sourceTree = "<group>"; };
		01C46F4B2B2A43D2008DEA0C /* CI.xctestplan */ = {isa = PBXFileReference; lastKnownFileType = text; path = CI.xctestplan; sourceTree = "<group>"; };
/* End PBXFileReference section */

/* Begin PBXFrameworksBuildPhase section */
		0120F1402B2874D80038384E /* Frameworks */ = {
			isa = PBXFrameworksBuildPhase;
			buildActionMask = 2147483647;
			files = (
			);
			runOnlyForDeploymentPostprocessing = 0;
		};
		0120F1482B2874D80038384E /* Frameworks */ = {
			isa = PBXFrameworksBuildPhase;
			buildActionMask = 2147483647;
			files = (
				0120F14C2B2874D80038384E /* EssentialFeed.framework in Frameworks */,
			);
			runOnlyForDeploymentPostprocessing = 0;
		};
		01A65F742B2A239500BADEA2 /* Frameworks */ = {
			isa = PBXFrameworksBuildPhase;
			buildActionMask = 2147483647;
			files = (
				01A65F7B2B2A239500BADEA2 /* EssentialFeed.framework in Frameworks */,
			);
			runOnlyForDeploymentPostprocessing = 0;
		};
/* End PBXFrameworksBuildPhase section */

/* Begin PBXGroup section */
		012070412B2EF1CE001E738C /* FeedCache */ = {
			isa = PBXGroup;
			children = (
				012070422B2EF1F3001E738C /* LocalFeedLoader.swift */,
				012070442B2EF2FE001E738C /* FeedStore.swift */,
				012070482B2F3AB2001E738C /* LocalFeedImage.swift */,
			);
			path = FeedCache;
			sourceTree = "<group>";
		};
		0120F1392B2874D80038384E = {
			isa = PBXGroup;
			children = (
				0120F1452B2874D80038384E /* EssentialFeed */,
				0120F14F2B2874D80038384E /* EssentialFeedTests */,
				01A65F782B2A239500BADEA2 /* EssentialFeedAPIEndToEndTests */,
				0120F1442B2874D80038384E /* Products */,
			);
			sourceTree = "<group>";
		};
		0120F1442B2874D80038384E /* Products */ = {
			isa = PBXGroup;
			children = (
				0120F1432B2874D80038384E /* EssentialFeed.framework */,
				0120F14B2B2874D80038384E /* EssentialFeedTests.xctest */,
				01A65F772B2A239500BADEA2 /* EssentialFeedAPIEndToEndTests.xctest */,
			);
			name = Products;
			sourceTree = "<group>";
		};
		0120F1452B2874D80038384E /* EssentialFeed */ = {
			isa = PBXGroup;
			children = (
				012070412B2EF1CE001E738C /* FeedCache */,
				014786C52B28929800983C01 /* FeedAPI */,
				0120F1462B2874D80038384E /* EssentialFeed.h */,
				013559CF2B287F4D00CF27EA /* FeedFeature */,
			);
			path = EssentialFeed;
			sourceTree = "<group>";
		};
		0120F14F2B2874D80038384E /* EssentialFeedTests */ = {
			isa = PBXGroup;
			children = (
				01C46F4B2B2A43D2008DEA0C /* CI.xctestplan */,
				015C0ACB2B2A1F6E0022A428 /* EssentialFeed.xctestplan */,
				0121EAB12B29EDFC00FA6F2B /* Helpers */,
				016092E22B2DCA8200101243 /* FeedCache */,
				0128A6422B29A2C9006159BD /* FeedAPI */,
			);
			path = EssentialFeedTests;
			sourceTree = "<group>";
		};
		0121EAB12B29EDFC00FA6F2B /* Helpers */ = {
			isa = PBXGroup;
			children = (
				0121EAB22B29EE2D00FA6F2B /* XCTTestCase+MemoryLeakTrackingHelper.swift */,
			);
			path = Helpers;
			sourceTree = "<group>";
		};
		0128A6422B29A2C9006159BD /* FeedAPI */ = {
			isa = PBXGroup;
			children = (
				0120F1502B2874D80038384E /* LoadFeedFromRemoteUseCaseTests.swift */,
				0128A6432B29B127006159BD /* URLSessionHTTPClientTests.swift */,
			);
			path = FeedAPI;
			sourceTree = "<group>";
		};
		013559CF2B287F4D00CF27EA /* FeedFeature */ = {
			isa = PBXGroup;
			children = (
				013559CB2B287D8000CF27EA /* FeedImage.swift */,
				013559CD2B287E3E00CF27EA /* FeedLoader.swift */,
			);
			path = FeedFeature;
			sourceTree = "<group>";
		};
		014786C52B28929800983C01 /* FeedAPI */ = {
			isa = PBXGroup;
			children = (
				014786C62B2892BD00983C01 /* RemoteFeedLoader.swift */,
				01A456D72B29977A00933DC3 /* HTTPClient.swift */,
				01A456D92B2997F100933DC3 /* RemoteFeedItemsMapper.swift */,
				0153D4052B2A06D100FB2506 /* URLSessionHTTPClient.swift */,
				012070462B2F3A67001E738C /* RemoteFeedItem.swift */,
			);
			path = FeedAPI;
			sourceTree = "<group>";
		};
		016092E22B2DCA8200101243 /* FeedCache */ = {
			isa = PBXGroup;
			children = (
				016092E32B2DCAF200101243 /* CacheFeedUseCaseTests.swift */,
				012D9D4B2B2F545E00C9D2D2 /* LoadFeedFromCacheUseCaseTests.swift */,
			);
			path = FeedCache;
			sourceTree = "<group>";
		};
		01A65F782B2A239500BADEA2 /* EssentialFeedAPIEndToEndTests */ = {
			isa = PBXGroup;
			children = (
				01A65F792B2A239500BADEA2 /* EssentialFeedAPIEndToEndTests.swift */,
			);
			path = EssentialFeedAPIEndToEndTests;
			sourceTree = "<group>";
		};
/* End PBXGroup section */

/* Begin PBXHeadersBuildPhase section */
		0120F13E2B2874D80038384E /* Headers */ = {
			isa = PBXHeadersBuildPhase;
			buildActionMask = 2147483647;
			files = (
				0120F1522B2874D80038384E /* EssentialFeed.h in Headers */,
			);
			runOnlyForDeploymentPostprocessing = 0;
		};
/* End PBXHeadersBuildPhase section */

/* Begin PBXNativeTarget section */
		0120F1422B2874D80038384E /* EssentialFeed */ = {
			isa = PBXNativeTarget;
			buildConfigurationList = 0120F1552B2874D80038384E /* Build configuration list for PBXNativeTarget "EssentialFeed" */;
			buildPhases = (
				0120F13E2B2874D80038384E /* Headers */,
				0120F13F2B2874D80038384E /* Sources */,
				0120F1402B2874D80038384E /* Frameworks */,
				0120F1412B2874D80038384E /* Resources */,
			);
			buildRules = (
			);
			dependencies = (
			);
			name = EssentialFeed;
			productName = EssentialFeed;
			productReference = 0120F1432B2874D80038384E /* EssentialFeed.framework */;
			productType = "com.apple.product-type.framework";
		};
		0120F14A2B2874D80038384E /* EssentialFeedTests */ = {
			isa = PBXNativeTarget;
			buildConfigurationList = 0120F1582B2874D80038384E /* Build configuration list for PBXNativeTarget "EssentialFeedTests" */;
			buildPhases = (
				0120F1472B2874D80038384E /* Sources */,
				0120F1482B2874D80038384E /* Frameworks */,
				0120F1492B2874D80038384E /* Resources */,
			);
			buildRules = (
			);
			dependencies = (
				0120F14E2B2874D80038384E /* PBXTargetDependency */,
			);
			name = EssentialFeedTests;
			productName = EssentialFeedTests;
			productReference = 0120F14B2B2874D80038384E /* EssentialFeedTests.xctest */;
			productType = "com.apple.product-type.bundle.unit-test";
		};
		01A65F762B2A239500BADEA2 /* EssentialFeedAPIEndToEndTests */ = {
			isa = PBXNativeTarget;
			buildConfigurationList = 01A65F802B2A239500BADEA2 /* Build configuration list for PBXNativeTarget "EssentialFeedAPIEndToEndTests" */;
			buildPhases = (
				01A65F732B2A239500BADEA2 /* Sources */,
				01A65F742B2A239500BADEA2 /* Frameworks */,
				01A65F752B2A239500BADEA2 /* Resources */,
			);
			buildRules = (
			);
			dependencies = (
				01A65F7D2B2A239500BADEA2 /* PBXTargetDependency */,
			);
			name = EssentialFeedAPIEndToEndTests;
			productName = EssentialFeedAPIEndToEndTests;
			productReference = 01A65F772B2A239500BADEA2 /* EssentialFeedAPIEndToEndTests.xctest */;
			productType = "com.apple.product-type.bundle.unit-test";
		};
/* End PBXNativeTarget section */

/* Begin PBXProject section */
		0120F13A2B2874D80038384E /* Project object */ = {
			isa = PBXProject;
			attributes = {
				BuildIndependentTargetsInParallel = 1;
				LastSwiftUpdateCheck = 1500;
				LastUpgradeCheck = 1430;
				TargetAttributes = {
					0120F1422B2874D80038384E = {
						CreatedOnToolsVersion = 14.3;
						LastSwiftMigration = 1430;
					};
					0120F14A2B2874D80038384E = {
						CreatedOnToolsVersion = 14.3;
					};
					01A65F762B2A239500BADEA2 = {
						CreatedOnToolsVersion = 15.0;
					};
				};
			};
			buildConfigurationList = 0120F13D2B2874D80038384E /* Build configuration list for PBXProject "EssentialFeed" */;
			compatibilityVersion = "Xcode 14.0";
			developmentRegion = en;
			hasScannedForEncodings = 0;
			knownRegions = (
				en,
				Base,
			);
			mainGroup = 0120F1392B2874D80038384E;
			productRefGroup = 0120F1442B2874D80038384E /* Products */;
			projectDirPath = "";
			projectRoot = "";
			targets = (
				0120F1422B2874D80038384E /* EssentialFeed */,
				0120F14A2B2874D80038384E /* EssentialFeedTests */,
				01A65F762B2A239500BADEA2 /* EssentialFeedAPIEndToEndTests */,
			);
		};
/* End PBXProject section */

/* Begin PBXResourcesBuildPhase section */
		0120F1412B2874D80038384E /* Resources */ = {
			isa = PBXResourcesBuildPhase;
			buildActionMask = 2147483647;
			files = (
			);
			runOnlyForDeploymentPostprocessing = 0;
		};
		0120F1492B2874D80038384E /* Resources */ = {
			isa = PBXResourcesBuildPhase;
			buildActionMask = 2147483647;
			files = (
			);
			runOnlyForDeploymentPostprocessing = 0;
		};
		01A65F752B2A239500BADEA2 /* Resources */ = {
			isa = PBXResourcesBuildPhase;
			buildActionMask = 2147483647;
			files = (
			);
			runOnlyForDeploymentPostprocessing = 0;
		};
/* End PBXResourcesBuildPhase section */

/* Begin PBXSourcesBuildPhase section */
		0120F13F2B2874D80038384E /* Sources */ = {
			isa = PBXSourcesBuildPhase;
			buildActionMask = 2147483647;
			files = (
				01A456DA2B2997F100933DC3 /* RemoteFeedItemsMapper.swift in Sources */,
				013559CE2B287E3E00CF27EA /* FeedLoader.swift in Sources */,
				012070472B2F3A67001E738C /* RemoteFeedItem.swift in Sources */,
				014786C72B2892BD00983C01 /* RemoteFeedLoader.swift in Sources */,
				012070492B2F3AB2001E738C /* LocalFeedImage.swift in Sources */,
				012070452B2EF2FE001E738C /* FeedStore.swift in Sources */,
				012070432B2EF1F3001E738C /* LocalFeedLoader.swift in Sources */,
				01A456D82B29977A00933DC3 /* HTTPClient.swift in Sources */,
				013559CC2B287D8000CF27EA /* FeedImage.swift in Sources */,
				0153D4062B2A06D100FB2506 /* URLSessionHTTPClient.swift in Sources */,
			);
			runOnlyForDeploymentPostprocessing = 0;
		};
		0120F1472B2874D80038384E /* Sources */ = {
			isa = PBXSourcesBuildPhase;
			buildActionMask = 2147483647;
			files = (
				0120F1512B2874D80038384E /* LoadFeedFromRemoteUseCaseTests.swift in Sources */,
				0128A6442B29B127006159BD /* URLSessionHTTPClientTests.swift in Sources */,
				016092E42B2DCAF200101243 /* CacheFeedUseCaseTests.swift in Sources */,
				012D9D4C2B2F545E00C9D2D2 /* LoadFeedFromCacheUseCaseTests.swift in Sources */,
				0121EAB32B29EE2D00FA6F2B /* XCTTestCase+MemoryLeakTrackingHelper.swift in Sources */,
			);
			runOnlyForDeploymentPostprocessing = 0;
		};
		01A65F732B2A239500BADEA2 /* Sources */ = {
			isa = PBXSourcesBuildPhase;
			buildActionMask = 2147483647;
			files = (
				01A65F812B2A3E5100BADEA2 /* XCTTestCase+MemoryLeakTrackingHelper.swift in Sources */,
				01A65F7A2B2A239500BADEA2 /* EssentialFeedAPIEndToEndTests.swift in Sources */,
			);
			runOnlyForDeploymentPostprocessing = 0;
		};
/* End PBXSourcesBuildPhase section */

/* Begin PBXTargetDependency section */
		0120F14E2B2874D80038384E /* PBXTargetDependency */ = {
			isa = PBXTargetDependency;
			target = 0120F1422B2874D80038384E /* EssentialFeed */;
			targetProxy = 0120F14D2B2874D80038384E /* PBXContainerItemProxy */;
		};
		01A65F7D2B2A239500BADEA2 /* PBXTargetDependency */ = {
			isa = PBXTargetDependency;
			target = 0120F1422B2874D80038384E /* EssentialFeed */;
			targetProxy = 01A65F7C2B2A239500BADEA2 /* PBXContainerItemProxy */;
		};
/* End PBXTargetDependency section */

/* Begin XCBuildConfiguration section */
		0120F1532B2874D80038384E /* Debug */ = {
			isa = XCBuildConfiguration;
			buildSettings = {
				ALWAYS_SEARCH_USER_PATHS = NO;
				CLANG_ANALYZER_NONNULL = YES;
				CLANG_ANALYZER_NUMBER_OBJECT_CONVERSION = YES_AGGRESSIVE;
				CLANG_CXX_LANGUAGE_STANDARD = "gnu++20";
				CLANG_ENABLE_MODULES = YES;
				CLANG_ENABLE_OBJC_ARC = YES;
				CLANG_ENABLE_OBJC_WEAK = YES;
				CLANG_WARN_BLOCK_CAPTURE_AUTORELEASING = YES;
				CLANG_WARN_BOOL_CONVERSION = YES;
				CLANG_WARN_COMMA = YES;
				CLANG_WARN_CONSTANT_CONVERSION = YES;
				CLANG_WARN_DEPRECATED_OBJC_IMPLEMENTATIONS = YES;
				CLANG_WARN_DIRECT_OBJC_ISA_USAGE = YES_ERROR;
				CLANG_WARN_DOCUMENTATION_COMMENTS = YES;
				CLANG_WARN_EMPTY_BODY = YES;
				CLANG_WARN_ENUM_CONVERSION = YES;
				CLANG_WARN_INFINITE_RECURSION = YES;
				CLANG_WARN_INT_CONVERSION = YES;
				CLANG_WARN_NON_LITERAL_NULL_CONVERSION = YES;
				CLANG_WARN_OBJC_IMPLICIT_RETAIN_SELF = YES;
				CLANG_WARN_OBJC_LITERAL_CONVERSION = YES;
				CLANG_WARN_OBJC_ROOT_CLASS = YES_ERROR;
				CLANG_WARN_QUOTED_INCLUDE_IN_FRAMEWORK_HEADER = YES;
				CLANG_WARN_RANGE_LOOP_ANALYSIS = YES;
				CLANG_WARN_STRICT_PROTOTYPES = YES;
				CLANG_WARN_SUSPICIOUS_MOVE = YES;
				CLANG_WARN_UNGUARDED_AVAILABILITY = YES_AGGRESSIVE;
				CLANG_WARN_UNREACHABLE_CODE = YES;
				CLANG_WARN__DUPLICATE_METHOD_MATCH = YES;
				COPY_PHASE_STRIP = NO;
				CURRENT_PROJECT_VERSION = 1;
				DEBUG_INFORMATION_FORMAT = dwarf;
				ENABLE_STRICT_OBJC_MSGSEND = YES;
				ENABLE_TESTABILITY = YES;
				GCC_C_LANGUAGE_STANDARD = gnu11;
				GCC_DYNAMIC_NO_PIC = NO;
				GCC_NO_COMMON_BLOCKS = YES;
				GCC_OPTIMIZATION_LEVEL = 0;
				GCC_PREPROCESSOR_DEFINITIONS = (
					"DEBUG=1",
					"$(inherited)",
				);
				GCC_WARN_64_TO_32_BIT_CONVERSION = YES;
				GCC_WARN_ABOUT_RETURN_TYPE = YES_ERROR;
				GCC_WARN_UNDECLARED_SELECTOR = YES;
				GCC_WARN_UNINITIALIZED_AUTOS = YES_AGGRESSIVE;
				GCC_WARN_UNUSED_FUNCTION = YES;
				GCC_WARN_UNUSED_VARIABLE = YES;
				MACOSX_DEPLOYMENT_TARGET = 12.4;
				MTL_ENABLE_DEBUG_INFO = INCLUDE_SOURCE;
				MTL_FAST_MATH = YES;
				ONLY_ACTIVE_ARCH = YES;
				SDKROOT = macosx;
				SWIFT_ACTIVE_COMPILATION_CONDITIONS = DEBUG;
				SWIFT_OPTIMIZATION_LEVEL = "-Onone";
				VERSIONING_SYSTEM = "apple-generic";
				VERSION_INFO_PREFIX = "";
			};
			name = Debug;
		};
		0120F1542B2874D80038384E /* Release */ = {
			isa = XCBuildConfiguration;
			buildSettings = {
				ALWAYS_SEARCH_USER_PATHS = NO;
				CLANG_ANALYZER_NONNULL = YES;
				CLANG_ANALYZER_NUMBER_OBJECT_CONVERSION = YES_AGGRESSIVE;
				CLANG_CXX_LANGUAGE_STANDARD = "gnu++20";
				CLANG_ENABLE_MODULES = YES;
				CLANG_ENABLE_OBJC_ARC = YES;
				CLANG_ENABLE_OBJC_WEAK = YES;
				CLANG_WARN_BLOCK_CAPTURE_AUTORELEASING = YES;
				CLANG_WARN_BOOL_CONVERSION = YES;
				CLANG_WARN_COMMA = YES;
				CLANG_WARN_CONSTANT_CONVERSION = YES;
				CLANG_WARN_DEPRECATED_OBJC_IMPLEMENTATIONS = YES;
				CLANG_WARN_DIRECT_OBJC_ISA_USAGE = YES_ERROR;
				CLANG_WARN_DOCUMENTATION_COMMENTS = YES;
				CLANG_WARN_EMPTY_BODY = YES;
				CLANG_WARN_ENUM_CONVERSION = YES;
				CLANG_WARN_INFINITE_RECURSION = YES;
				CLANG_WARN_INT_CONVERSION = YES;
				CLANG_WARN_NON_LITERAL_NULL_CONVERSION = YES;
				CLANG_WARN_OBJC_IMPLICIT_RETAIN_SELF = YES;
				CLANG_WARN_OBJC_LITERAL_CONVERSION = YES;
				CLANG_WARN_OBJC_ROOT_CLASS = YES_ERROR;
				CLANG_WARN_QUOTED_INCLUDE_IN_FRAMEWORK_HEADER = YES;
				CLANG_WARN_RANGE_LOOP_ANALYSIS = YES;
				CLANG_WARN_STRICT_PROTOTYPES = YES;
				CLANG_WARN_SUSPICIOUS_MOVE = YES;
				CLANG_WARN_UNGUARDED_AVAILABILITY = YES_AGGRESSIVE;
				CLANG_WARN_UNREACHABLE_CODE = YES;
				CLANG_WARN__DUPLICATE_METHOD_MATCH = YES;
				COPY_PHASE_STRIP = NO;
				CURRENT_PROJECT_VERSION = 1;
				DEBUG_INFORMATION_FORMAT = "dwarf-with-dsym";
				ENABLE_NS_ASSERTIONS = NO;
				ENABLE_STRICT_OBJC_MSGSEND = YES;
				GCC_C_LANGUAGE_STANDARD = gnu11;
				GCC_NO_COMMON_BLOCKS = YES;
				GCC_WARN_64_TO_32_BIT_CONVERSION = YES;
				GCC_WARN_ABOUT_RETURN_TYPE = YES_ERROR;
				GCC_WARN_UNDECLARED_SELECTOR = YES;
				GCC_WARN_UNINITIALIZED_AUTOS = YES_AGGRESSIVE;
				GCC_WARN_UNUSED_FUNCTION = YES;
				GCC_WARN_UNUSED_VARIABLE = YES;
				MACOSX_DEPLOYMENT_TARGET = 12.4;
				MTL_ENABLE_DEBUG_INFO = NO;
				MTL_FAST_MATH = YES;
				SDKROOT = macosx;
				SWIFT_COMPILATION_MODE = wholemodule;
				SWIFT_OPTIMIZATION_LEVEL = "-O";
				VERSIONING_SYSTEM = "apple-generic";
				VERSION_INFO_PREFIX = "";
			};
			name = Release;
		};
		0120F1562B2874D80038384E /* Debug */ = {
			isa = XCBuildConfiguration;
			buildSettings = {
				CLANG_ENABLE_MODULES = YES;
				CODE_SIGN_STYLE = Automatic;
				COMBINE_HIDPI_IMAGES = YES;
				CURRENT_PROJECT_VERSION = 1;
				DEFINES_MODULE = YES;
				DEVELOPMENT_TEAM = CG6MP583T3;
				DYLIB_COMPATIBILITY_VERSION = 1;
				DYLIB_CURRENT_VERSION = 1;
				DYLIB_INSTALL_NAME_BASE = "@rpath";
				ENABLE_MODULE_VERIFIER = YES;
				GENERATE_INFOPLIST_FILE = YES;
				INFOPLIST_KEY_NSHumanReadableCopyright = "";
				INSTALL_PATH = "$(LOCAL_LIBRARY_DIR)/Frameworks";
				LD_RUNPATH_SEARCH_PATHS = (
					"$(inherited)",
					"@executable_path/../Frameworks",
					"@loader_path/Frameworks",
				);
				MARKETING_VERSION = 1.0;
				MODULE_VERIFIER_SUPPORTED_LANGUAGES = "objective-c objective-c++";
				MODULE_VERIFIER_SUPPORTED_LANGUAGE_STANDARDS = "gnu11 gnu++20";
				PRODUCT_BUNDLE_IDENTIFIER = com.valdal14.EssentialFeed;
				PRODUCT_NAME = "$(TARGET_NAME:c99extidentifier)";
				SKIP_INSTALL = YES;
				SWIFT_EMIT_LOC_STRINGS = YES;
				SWIFT_OPTIMIZATION_LEVEL = "-Onone";
				SWIFT_VERSION = 5.0;
			};
			name = Debug;
		};
		0120F1572B2874D80038384E /* Release */ = {
			isa = XCBuildConfiguration;
			buildSettings = {
				CLANG_ENABLE_MODULES = YES;
				CODE_SIGN_STYLE = Automatic;
				COMBINE_HIDPI_IMAGES = YES;
				CURRENT_PROJECT_VERSION = 1;
				DEFINES_MODULE = YES;
				DEVELOPMENT_TEAM = CG6MP583T3;
				DYLIB_COMPATIBILITY_VERSION = 1;
				DYLIB_CURRENT_VERSION = 1;
				DYLIB_INSTALL_NAME_BASE = "@rpath";
				ENABLE_MODULE_VERIFIER = YES;
				GENERATE_INFOPLIST_FILE = YES;
				INFOPLIST_KEY_NSHumanReadableCopyright = "";
				INSTALL_PATH = "$(LOCAL_LIBRARY_DIR)/Frameworks";
				LD_RUNPATH_SEARCH_PATHS = (
					"$(inherited)",
					"@executable_path/../Frameworks",
					"@loader_path/Frameworks",
				);
				MARKETING_VERSION = 1.0;
				MODULE_VERIFIER_SUPPORTED_LANGUAGES = "objective-c objective-c++";
				MODULE_VERIFIER_SUPPORTED_LANGUAGE_STANDARDS = "gnu11 gnu++20";
				PRODUCT_BUNDLE_IDENTIFIER = com.valdal14.EssentialFeed;
				PRODUCT_NAME = "$(TARGET_NAME:c99extidentifier)";
				SKIP_INSTALL = YES;
				SWIFT_EMIT_LOC_STRINGS = YES;
				SWIFT_VERSION = 5.0;
			};
			name = Release;
		};
		0120F1592B2874D80038384E /* Debug */ = {
			isa = XCBuildConfiguration;
			buildSettings = {
				ALWAYS_EMBED_SWIFT_STANDARD_LIBRARIES = YES;
				CODE_SIGN_STYLE = Automatic;
				CURRENT_PROJECT_VERSION = 1;
				DEVELOPMENT_TEAM = CG6MP583T3;
				GENERATE_INFOPLIST_FILE = YES;
				MARKETING_VERSION = 1.0;
				PRODUCT_BUNDLE_IDENTIFIER = com.valdal14.EssentialFeedTests;
				PRODUCT_NAME = "$(TARGET_NAME)";
				SWIFT_EMIT_LOC_STRINGS = NO;
				SWIFT_VERSION = 5.0;
			};
			name = Debug;
		};
		0120F15A2B2874D80038384E /* Release */ = {
			isa = XCBuildConfiguration;
			buildSettings = {
				ALWAYS_EMBED_SWIFT_STANDARD_LIBRARIES = YES;
				CODE_SIGN_STYLE = Automatic;
				CURRENT_PROJECT_VERSION = 1;
				DEVELOPMENT_TEAM = CG6MP583T3;
				GENERATE_INFOPLIST_FILE = YES;
				MARKETING_VERSION = 1.0;
				PRODUCT_BUNDLE_IDENTIFIER = com.valdal14.EssentialFeedTests;
				PRODUCT_NAME = "$(TARGET_NAME)";
				SWIFT_EMIT_LOC_STRINGS = NO;
				SWIFT_VERSION = 5.0;
			};
			name = Release;
		};
		01A65F7E2B2A239500BADEA2 /* Debug */ = {
			isa = XCBuildConfiguration;
			buildSettings = {
				ASSETCATALOG_COMPILER_GENERATE_SWIFT_ASSET_SYMBOL_EXTENSIONS = YES;
				CODE_SIGN_STYLE = Automatic;
				CURRENT_PROJECT_VERSION = 1;
				DEVELOPMENT_TEAM = CG6MP583T3;
				ENABLE_USER_SCRIPT_SANDBOXING = YES;
				GCC_C_LANGUAGE_STANDARD = gnu17;
				GENERATE_INFOPLIST_FILE = YES;
				LOCALIZATION_PREFERS_STRING_CATALOGS = YES;
				MACOSX_DEPLOYMENT_TARGET = 13.6;
				MARKETING_VERSION = 1.0;
				PRODUCT_BUNDLE_IDENTIFIER = com.valdal14.EssentialFeedAPIEndToEndTests;
				PRODUCT_NAME = "$(TARGET_NAME)";
				SWIFT_ACTIVE_COMPILATION_CONDITIONS = "DEBUG $(inherited)";
				SWIFT_EMIT_LOC_STRINGS = NO;
				SWIFT_VERSION = 5.0;
			};
			name = Debug;
		};
		01A65F7F2B2A239500BADEA2 /* Release */ = {
			isa = XCBuildConfiguration;
			buildSettings = {
				ASSETCATALOG_COMPILER_GENERATE_SWIFT_ASSET_SYMBOL_EXTENSIONS = YES;
				CODE_SIGN_STYLE = Automatic;
				CURRENT_PROJECT_VERSION = 1;
				DEVELOPMENT_TEAM = CG6MP583T3;
				ENABLE_USER_SCRIPT_SANDBOXING = YES;
				GCC_C_LANGUAGE_STANDARD = gnu17;
				GENERATE_INFOPLIST_FILE = YES;
				LOCALIZATION_PREFERS_STRING_CATALOGS = YES;
				MACOSX_DEPLOYMENT_TARGET = 13.6;
				MARKETING_VERSION = 1.0;
				PRODUCT_BUNDLE_IDENTIFIER = com.valdal14.EssentialFeedAPIEndToEndTests;
				PRODUCT_NAME = "$(TARGET_NAME)";
				SWIFT_EMIT_LOC_STRINGS = NO;
				SWIFT_VERSION = 5.0;
			};
			name = Release;
		};
/* End XCBuildConfiguration section */

/* Begin XCConfigurationList section */
		0120F13D2B2874D80038384E /* Build configuration list for PBXProject "EssentialFeed" */ = {
			isa = XCConfigurationList;
			buildConfigurations = (
				0120F1532B2874D80038384E /* Debug */,
				0120F1542B2874D80038384E /* Release */,
			);
			defaultConfigurationIsVisible = 0;
			defaultConfigurationName = Release;
		};
		0120F1552B2874D80038384E /* Build configuration list for PBXNativeTarget "EssentialFeed" */ = {
			isa = XCConfigurationList;
			buildConfigurations = (
				0120F1562B2874D80038384E /* Debug */,
				0120F1572B2874D80038384E /* Release */,
			);
			defaultConfigurationIsVisible = 0;
			defaultConfigurationName = Release;
		};
		0120F1582B2874D80038384E /* Build configuration list for PBXNativeTarget "EssentialFeedTests" */ = {
			isa = XCConfigurationList;
			buildConfigurations = (
				0120F1592B2874D80038384E /* Debug */,
				0120F15A2B2874D80038384E /* Release */,
			);
			defaultConfigurationIsVisible = 0;
			defaultConfigurationName = Release;
		};
		01A65F802B2A239500BADEA2 /* Build configuration list for PBXNativeTarget "EssentialFeedAPIEndToEndTests" */ = {
			isa = XCConfigurationList;
			buildConfigurations = (
				01A65F7E2B2A239500BADEA2 /* Debug */,
				01A65F7F2B2A239500BADEA2 /* Release */,
			);
			defaultConfigurationIsVisible = 0;
			defaultConfigurationName = Release;
		};
/* End XCConfigurationList section */
	};
	rootObject = 0120F13A2B2874D80038384E /* Project object */;
}
